
Microsoft Visual Studio Solution File, Format Version 12.00
# Visual Studio Version 16
VisualStudioVersion = 16.0.29503.13
MinimumVisualStudioVersion = 10.0.40219.1
Project("{FAE04EC0-301F-11D3-BF4B-00C04F79EFBC}") = "30DaysOfCode", "30DaysOfCode.csproj", "{59C4BA49-DB9F-4007-8E24-4E781BFE737E}"
EndProject
Project("{FAE04EC0-301F-11D3-BF4B-00C04F79EFBC}") = "ScopeDay14", "..\ScopeDay14\ScopeDay14.csproj", "{70091487-5767-4707-853C-000AA576E0E2}"
EndProject
Global
	GlobalSection(SolutionConfigurationPlatforms) = preSolution
		Debug|Any CPU = Debug|Any CPU
		Release|Any CPU = Release|Any CPU
	EndGlobalSection
	GlobalSection(ProjectConfigurationPlatforms) = postSolution
		{59C4BA49-DB9F-4007-8E24-4E781BFE737E}.Debug|Any CPU.ActiveCfg = Debug|Any CPU
		{59C4BA49-DB9F-4007-8E24-4E781BFE737E}.Debug|Any CPU.Build.0 = Debug|Any CPU
		{59C4BA49-DB9F-4007-8E24-4E781BFE737E}.Release|Any CPU.ActiveCfg = Release|Any CPU
		{59C4BA49-DB9F-4007-8E24-4E781BFE737E}.Release|Any CPU.Build.0 = Release|Any CPU
		{70091487-5767-4707-853C-000AA576E0E2}.Debug|Any CPU.ActiveCfg = Debug|Any CPU
		{70091487-5767-4707-853C-000AA576E0E2}.Debug|Any CPU.Build.0 = Debug|Any CPU
		{70091487-5767-4707-853C-000AA576E0E2}.Release|Any CPU.ActiveCfg = Release|Any CPU
		{70091487-5767-4707-853C-000AA576E0E2}.Release|Any CPU.Build.0 = Release|Any CPU
	EndGlobalSection
	GlobalSection(SolutionProperties) = preSolution
		HideSolutionNode = FALSE
	EndGlobalSection
	GlobalSection(ExtensibilityGlobals) = postSolution
		SolutionGuid = {01945926-2B07-48DD-B86B-897C32F64F88}
	EndGlobalSection
EndGlobal
